{
    "hash": "b82d4a555f36c9494dea380d46cb5052",
    "packages": [
        {
            "package": "symfony/css-selector",
            "version": "v2.0.16"
        },
        {
            "package": "symfony/dom-crawler",
            "version": "v2.0.16"
        }
    ],
    "packages-dev": null,
    "aliases": [

    ],
    "minimum-stability": "stable",
    "stability-flags": [

    ]
}
